
Microsoft Visual Studio Solution File, Format Version 12.00
# Visual Studio 15
VisualStudioVersion = 15.0.27428.2037
MinimumVisualStudioVersion = 10.0.40219.1
Project("{FAE04EC0-301F-11D3-BF4B-00C04F79EFBC}") = "FerryO", "FerryO\FerryO.csproj", "{8DB704FB-61E6-4E4A-AE53-F4C0AC270C03}"
EndProject
Project("{FAE04EC0-301F-11D3-BF4B-00C04F79EFBC}") = "Ferry.UnitTests", "Ferry.UnitTests\Ferry.UnitTests.csproj", "{6CDFA16D-AE50-4FFF-A727-17CE662F3A02}"
EndProject
Global
	GlobalSection(SolutionConfigurationPlatforms) = preSolution
		Debug|Any CPU = Debug|Any CPU
		Release|Any CPU = Release|Any CPU
	EndGlobalSection
	GlobalSection(ProjectConfigurationPlatforms) = postSolution
		{8DB704FB-61E6-4E4A-AE53-F4C0AC270C03}.Debug|Any CPU.ActiveCfg = Debug|Any CPU
		{8DB704FB-61E6-4E4A-AE53-F4C0AC270C03}.Debug|Any CPU.Build.0 = Debug|Any CPU
		{8DB704FB-61E6-4E4A-AE53-F4C0AC270C03}.Release|Any CPU.ActiveCfg = Release|Any CPU
		{8DB704FB-61E6-4E4A-AE53-F4C0AC270C03}.Release|Any CPU.Build.0 = Release|Any CPU
		{6CDFA16D-AE50-4FFF-A727-17CE662F3A02}.Debug|Any CPU.ActiveCfg = Debug|Any CPU
		{6CDFA16D-AE50-4FFF-A727-17CE662F3A02}.Debug|Any CPU.Build.0 = Debug|Any CPU
		{6CDFA16D-AE50-4FFF-A727-17CE662F3A02}.Release|Any CPU.ActiveCfg = Release|Any CPU
		{6CDFA16D-AE50-4FFF-A727-17CE662F3A02}.Release|Any CPU.Build.0 = Release|Any CPU
	EndGlobalSection
	GlobalSection(SolutionProperties) = preSolution
		HideSolutionNode = FALSE
	EndGlobalSection
	GlobalSection(ExtensibilityGlobals) = postSolution
		SolutionGuid = {563B5093-41C6-4C13-BC19-B901D89DEB78}
	EndGlobalSection
EndGlobal
